
Microsoft Visual Studio Solution File, Format Version 12.00
# Visual Studio Version 17
VisualStudioVersion = 17.13.35931.197
MinimumVisualStudioVersion = 10.0.40219.1
Project("{FAE04EC0-301F-11D3-BF4B-00C04F79EFBC}") = "ConsoleApp", "ConsoleApp\ConsoleApp.csproj", "{35C4B661-9876-4540-9AED-F061E2291E93}"
EndProject
Project("{FAE04EC0-301F-11D3-BF4B-00C04F79EFBC}") = "TestProject", "TestProject\TestProject.csproj", "{B2325A1A-98EA-4EA7-AD38-81392F546C74}"
EndProject
Global
	GlobalSection(SolutionConfigurationPlatforms) = preSolution
		Debug|Any CPU = Debug|Any CPU
		Release|Any CPU = Release|Any CPU
	EndGlobalSection
	GlobalSection(ProjectConfigurationPlatforms) = postSolution
		{35C4B661-9876-4540-9AED-F061E2291E93}.Debug|Any CPU.ActiveCfg = Debug|Any CPU
		{35C4B661-9876-4540-9AED-F061E2291E93}.Debug|Any CPU.Build.0 = Debug|Any CPU
		{35C4B661-9876-4540-9AED-F061E2291E93}.Release|Any CPU.ActiveCfg = Release|Any CPU
		{35C4B661-9876-4540-9AED-F061E2291E93}.Release|Any CPU.Build.0 = Release|Any CPU
		{B2325A1A-98EA-4EA7-AD38-81392F546C74}.Debug|Any CPU.ActiveCfg = Debug|Any CPU
		{B2325A1A-98EA-4EA7-AD38-81392F546C74}.Debug|Any CPU.Build.0 = Debug|Any CPU
		{B2325A1A-98EA-4EA7-AD38-81392F546C74}.Release|Any CPU.ActiveCfg = Release|Any CPU
		{B2325A1A-98EA-4EA7-AD38-81392F546C74}.Release|Any CPU.Build.0 = Release|Any CPU
	EndGlobalSection
	GlobalSection(SolutionProperties) = preSolution
		HideSolutionNode = FALSE
	EndGlobalSection
	GlobalSection(ExtensibilityGlobals) = postSolution
		SolutionGuid = {005BD767-A931-4DE3-82F7-1D479A9693B1}
	EndGlobalSection
EndGlobal
